
Microsoft Visual Studio Solution File, Format Version 12.00
# Visual Studio 15
Project("{FAE04EC0-301F-11D3-BF4B-00C04F79EFBC}") = "Assembly-CSharp", "Assembly-CSharp.csproj", "{6C073C54-CA8A-4422-7356-719BC65DDB07}"
EndProject
Project("{FAE04EC0-301F-11D3-BF4B-00C04F79EFBC}") = "AstarPathfindingProject", "AstarPathfindingProject.csproj", "{85BFB88D-4E57-C391-DAE7-B723CEE22011}"
EndProject
Project("{FAE04EC0-301F-11D3-BF4B-00C04F79EFBC}") = "AstarPathfindingProjectEditor", "AstarPathfindingProjectEditor.csproj", "{0FB95E72-DEC3-1175-C0D8-07D4B87B0776}"
EndProject
Project("{FAE04EC0-301F-11D3-BF4B-00C04F79EFBC}") = "PackageToolsEditor", "PackageToolsEditor.csproj", "{4E88393E-924C-0945-561D-2D44B5B8EB3C}"
EndProject
Project("{FAE04EC0-301F-11D3-BF4B-00C04F79EFBC}") = "Assembly-CSharp-Editor", "Assembly-CSharp-Editor.csproj", "{C0391BDB-D054-77E6-351A-0505AB373283}"
EndProject
Global
	GlobalSection(SolutionConfigurationPlatforms) = preSolution
		Debug|Any CPU = Debug|Any CPU
		Release|Any CPU = Release|Any CPU
	EndGlobalSection
	GlobalSection(ProjectConfigurationPlatforms) = postSolution
		{6C073C54-CA8A-4422-7356-719BC65DDB07}.Debug|Any CPU.ActiveCfg = Debug|Any CPU
		{6C073C54-CA8A-4422-7356-719BC65DDB07}.Debug|Any CPU.Build.0 = Debug|Any CPU
		{6C073C54-CA8A-4422-7356-719BC65DDB07}.Release|Any CPU.ActiveCfg = Release|Any CPU
		{6C073C54-CA8A-4422-7356-719BC65DDB07}.Release|Any CPU.Build.0 = Release|Any CPU
		{85BFB88D-4E57-C391-DAE7-B723CEE22011}.Debug|Any CPU.ActiveCfg = Debug|Any CPU
		{85BFB88D-4E57-C391-DAE7-B723CEE22011}.Debug|Any CPU.Build.0 = Debug|Any CPU
		{85BFB88D-4E57-C391-DAE7-B723CEE22011}.Release|Any CPU.ActiveCfg = Release|Any CPU
		{85BFB88D-4E57-C391-DAE7-B723CEE22011}.Release|Any CPU.Build.0 = Release|Any CPU
		{0FB95E72-DEC3-1175-C0D8-07D4B87B0776}.Debug|Any CPU.ActiveCfg = Debug|Any CPU
		{0FB95E72-DEC3-1175-C0D8-07D4B87B0776}.Debug|Any CPU.Build.0 = Debug|Any CPU
		{0FB95E72-DEC3-1175-C0D8-07D4B87B0776}.Release|Any CPU.ActiveCfg = Release|Any CPU
		{0FB95E72-DEC3-1175-C0D8-07D4B87B0776}.Release|Any CPU.Build.0 = Release|Any CPU
		{4E88393E-924C-0945-561D-2D44B5B8EB3C}.Debug|Any CPU.ActiveCfg = Debug|Any CPU
		{4E88393E-924C-0945-561D-2D44B5B8EB3C}.Debug|Any CPU.Build.0 = Debug|Any CPU
		{4E88393E-924C-0945-561D-2D44B5B8EB3C}.Release|Any CPU.ActiveCfg = Release|Any CPU
		{4E88393E-924C-0945-561D-2D44B5B8EB3C}.Release|Any CPU.Build.0 = Release|Any CPU
		{C0391BDB-D054-77E6-351A-0505AB373283}.Debug|Any CPU.ActiveCfg = Debug|Any CPU
		{C0391BDB-D054-77E6-351A-0505AB373283}.Debug|Any CPU.Build.0 = Debug|Any CPU
		{C0391BDB-D054-77E6-351A-0505AB373283}.Release|Any CPU.ActiveCfg = Release|Any CPU
		{C0391BDB-D054-77E6-351A-0505AB373283}.Release|Any CPU.Build.0 = Release|Any CPU
	EndGlobalSection
	GlobalSection(SolutionProperties) = preSolution
		HideSolutionNode = FALSE
	EndGlobalSection
EndGlobal
